<?xml version="1.0" encoding="UTF-8"?>
<!DOCTYPE plist PUBLIC "-//Apple//DTD PLIST 1.0//EN" "http://www.apple.com/DTDs/PropertyList-1.0.dtd">
<plist version="1.0">
<dict>
	<key>archiveVersion</key>
	<string>1</string>
	<key>classes</key>
	<dict/>
	<key>objectVersion</key>
	<string>46</string>
	<key>objects</key>
	<dict>
		<key>0741584C880B26E113770C1394957C06</key>
		<dict>
			<key>explicitFileType</key>
			<string>wrapper.framework</string>
			<key>includeInIndex</key>
			<string>0</string>
			<key>isa</key>
			<string>PBXFileReference</string>
			<key>name</key>
			<string>Pods_SimpleJSONExample.framework</string>
			<key>path</key>
			<string>Pods_SimpleJSONExample.framework</string>
			<key>sourceTree</key>
			<string>BUILT_PRODUCTS_DIR</string>
		</dict>
		<key>100ABEEE5CAD1CC04425A37ABAC130DB</key>
		<dict>
			<key>children</key>
			<array>
				<string>1191500AA5CEB5336ABE61F914ED0C7E</string>
			</array>
			<key>isa</key>
			<string>PBXGroup</string>
			<key>name</key>
			<string>Development Pods</string>
			<key>sourceTree</key>
			<string>&lt;group&gt;</string>
		</dict>
		<key>1025CD386776CA82659A3E591D09025C</key>
		<dict>
			<key>fileRef</key>
			<string>3673DB3FCA7246BE5C4BC7A490270F82</string>
			<key>isa</key>
			<string>PBXBuildFile</string>
			<key>settings</key>
			<dict>
				<key>ATTRIBUTES</key>
				<array>
					<string>Public</string>
				</array>
			</dict>
		</dict>
		<key>1191500AA5CEB5336ABE61F914ED0C7E</key>
		<dict>
			<key>children</key>
			<array>
				<string>DEBE59D67EB8C1D0F4314969F54974D7</string>
				<string>5BE10B21BFF77A2ED6F19D5A4B25FA09</string>
			</array>
			<key>isa</key>
			<string>PBXGroup</string>
			<key>name</key>
			<string>SimpleJSONParser</string>
			<key>path</key>
			<string>/Users/ihorrapalyuk/Documents/Projects/SimpleJSONParser</string>
			<key>sourceTree</key>
			<string>&lt;absolute&gt;</string>
		</dict>
		<key>198B607FB1161FAA61A660E791807AEF</key>
		<dict>
			<key>buildActionMask</key>
			<string>2147483647</string>
			<key>files</key>
			<array>
				<string>F8F1B6325C905BDD2FC4091A6FEFE5F2</string>
				<string>9A888310749D765FE5A9962D3B91D859</string>
				<string>FB4D8033A3EAFF66BCDA5E7AEFC51A0B</string>
			</array>
			<key>isa</key>
			<string>PBXSourcesBuildPhase</string>
			<key>runOnlyForDeploymentPostprocessing</key>
			<string>0</string>
		</dict>
		<key>199BBCE11FC76FA28CD45D4AC9B4EAD3</key>
		<dict>
			<key>fileRef</key>
			<string>4EBCE5B6CF6A41B9D69E18202959D419</string>
			<key>isa</key>
			<string>PBXBuildFile</string>
		</dict>
		<key>1A8ADA7F695FC8696A68AF6957205806</key>
		<dict>
			<key>includeInIndex</key>
			<string>1</string>
			<key>isa</key>
			<string>PBXFileReference</string>
			<key>lastKnownFileType</key>
			<string>sourcecode.c.h</string>
			<key>path</key>
			<string>SimpleJSONParser-umbrella.h</string>
			<key>sourceTree</key>
			<string>&lt;group&gt;</string>
		</dict>
		<key>1AD2410C45E5DA7C85301DACAC9AC784</key>
		<dict>
			<key>includeInIndex</key>
			<string>1</string>
			<key>isa</key>
			<string>PBXFileReference</string>
			<key>lastKnownFileType</key>
			<string>sourcecode.swift</string>
			<key>path</key>
			<string>NSObject+JSON.swift</string>
			<key>sourceTree</key>
			<string>&lt;group&gt;</string>
		</dict>
		<key>21A9A139A64CAE5BE8E00A3A1FA18546</key>
		<dict>
			<key>children</key>
			<array>
				<string>0741584C880B26E113770C1394957C06</string>
				<string>C0BECADF67D0407CD18FE0990AEF8C37</string>
			</array>
			<key>isa</key>
			<string>PBXGroup</string>
			<key>name</key>
			<string>Products</string>
			<key>sourceTree</key>
			<string>&lt;group&gt;</string>
		</dict>
		<key>2378C438A166661B4E8187F5759A64C2</key>
		<dict>
			<key>fileRef</key>
			<string>3E4E89230EF59BC255123B67864ACF77</string>
			<key>isa</key>
			<string>PBXBuildFile</string>
		</dict>
		<key>2D8E8EC45A3A1A1D94AE762CB5028504</key>
		<dict>
			<key>buildConfigurations</key>
			<array>
				<string>A70CDAD61F90AC503C7D04CC22DA2923</string>
				<string>FB45FFD90572718D82AB9092B750F0CA</string>
			</array>
			<key>defaultConfigurationIsVisible</key>
			<string>0</string>
			<key>defaultConfigurationName</key>
			<string>Release</string>
			<key>isa</key>
			<string>XCConfigurationList</string>
		</dict>
		<key>330354C4C37F1007B6AB406AF405902A</key>
		<dict>
			<key>fileRef</key>
			<string>C546FBECFA23CEE1920688514C92A5F0</string>
			<key>isa</key>
			<string>PBXBuildFile</string>
			<key>settings</key>
			<dict>
				<key>ATTRIBUTES</key>
				<array>
					<string>Public</string>
				</array>
			</dict>
		</dict>
		<key>3673DB3FCA7246BE5C4BC7A490270F82</key>
		<dict>
			<key>includeInIndex</key>
			<string>1</string>
			<key>isa</key>
			<string>PBXFileReference</string>
			<key>lastKnownFileType</key>
			<string>sourcecode.c.h</string>
			<key>path</key>
			<string>Pods-SimpleJSONExample-umbrella.h</string>
			<key>sourceTree</key>
			<string>&lt;group&gt;</string>
		</dict>
		<key>3C3CFD48B9B7923ACD52658CD69E07E0</key>
		<dict>
			<key>includeInIndex</key>
			<string>1</string>
			<key>isa</key>
			<string>PBXFileReference</string>
			<key>lastKnownFileType</key>
			<string>text.plist.xml</string>
			<key>path</key>
			<string>Info.plist</string>
			<key>sourceTree</key>
			<string>&lt;group&gt;</string>
		</dict>
		<key>3C7D28CB178F7D8FBB16853A86FC6A7E</key>
		<dict>
			<key>fileRef</key>
			<string>DCB030AD642F2D4C5B465419E7D5DE26</string>
			<key>isa</key>
			<string>PBXBuildFile</string>
			<key>settings</key>
			<dict>
				<key>ATTRIBUTES</key>
				<array>
					<string>Public</string>
				</array>
			</dict>
		</dict>
		<key>3D0039C5696F80ED069CA2606C874505</key>
		<dict>
			<key>baseConfigurationReference</key>
			<string>BAC9DB6259580EBF74A4A0DA206EEB9D</string>
			<key>buildSettings</key>
			<dict>
				<key>CODE_SIGN_IDENTITY[sdk=iphoneos*]</key>
				<string>iPhone Developer</string>
				<key>CURRENT_PROJECT_VERSION</key>
				<string>1</string>
				<key>DEFINES_MODULE</key>
				<string>YES</string>
				<key>DYLIB_COMPATIBILITY_VERSION</key>
				<string>1</string>
				<key>DYLIB_CURRENT_VERSION</key>
				<string>1</string>
				<key>DYLIB_INSTALL_NAME_BASE</key>
				<string>@rpath</string>
				<key>ENABLE_STRICT_OBJC_MSGSEND</key>
				<string>YES</string>
				<key>GCC_PREFIX_HEADER</key>
				<string>Target Support Files/SimpleJSONParser/SimpleJSONParser-prefix.pch</string>
				<key>INFOPLIST_FILE</key>
				<string>Target Support Files/SimpleJSONParser/Info.plist</string>
				<key>INSTALL_PATH</key>
				<string>$(LOCAL_LIBRARY_DIR)/Frameworks</string>
				<key>IPHONEOS_DEPLOYMENT_TARGET</key>
				<string>8.0</string>
				<key>LD_RUNPATH_SEARCH_PATHS</key>
				<array>
					<string>$(inherited)</string>
					<string>@executable_path/Frameworks</string>
					<string>@loader_path/Frameworks</string>
				</array>
				<key>MODULEMAP_FILE</key>
				<string>Target Support Files/SimpleJSONParser/SimpleJSONParser.modulemap</string>
				<key>MTL_ENABLE_DEBUG_INFO</key>
				<string>YES</string>
				<key>PRODUCT_NAME</key>
				<string>SimpleJSONParser</string>
				<key>SDKROOT</key>
				<string>iphoneos</string>
				<key>SKIP_INSTALL</key>
				<string>YES</string>
				<key>SWIFT_OPTIMIZATION_LEVEL</key>
				<string>-Onone</string>
				<key>TARGETED_DEVICE_FAMILY</key>
				<string>1,2</string>
				<key>VERSIONING_SYSTEM</key>
				<string>apple-generic</string>
				<key>VERSION_INFO_PREFIX</key>
				<string></string>
			</dict>
			<key>isa</key>
			<string>XCBuildConfiguration</string>
			<key>name</key>
			<string>Debug</string>
		</dict>
		<key>3E4E89230EF59BC255123B67864ACF77</key>
		<dict>
			<key>isa</key>
			<string>PBXFileReference</string>
			<key>lastKnownFileType</key>
			<string>wrapper.framework</string>
			<key>name</key>
			<string>Foundation.framework</string>
			<key>path</key>
			<string>Platforms/iPhoneOS.platform/Developer/SDKs/iPhoneOS9.0.sdk/System/Library/Frameworks/Foundation.framework</string>
			<key>sourceTree</key>
			<string>DEVELOPER_DIR</string>
		</dict>
		<key>461FB951656888712885688D22208BD7</key>
		<dict>
			<key>buildActionMask</key>
			<string>2147483647</string>
			<key>files</key>
			<array>
				<string>1025CD386776CA82659A3E591D09025C</string>
			</array>
			<key>isa</key>
			<string>PBXHeadersBuildPhase</string>
			<key>runOnlyForDeploymentPostprocessing</key>
			<string>0</string>
		</dict>
		<key>487DFC7480A992D295E5515B3765F8C8</key>
		<dict>
			<key>includeInIndex</key>
			<string>1</string>
			<key>isa</key>
			<string>PBXFileReference</string>
			<key>lastKnownFileType</key>
			<string>sourcecode.c.objc</string>
			<key>path</key>
			<string>SimpleJSONParser-dummy.m</string>
			<key>sourceTree</key>
			<string>&lt;group&gt;</string>
		</dict>
		<key>4A2F538771962B0842E9CC89A11A0973</key>
		<dict>
			<key>children</key>
			<array>
				<string>FB20BDF0E2C46E4BFCFB74C660683E63</string>
			</array>
			<key>isa</key>
			<string>PBXGroup</string>
			<key>name</key>
			<string>Targets Support Files</string>
			<key>sourceTree</key>
			<string>&lt;group&gt;</string>
		</dict>
		<key>4EBCE5B6CF6A41B9D69E18202959D419</key>
		<dict>
			<key>includeInIndex</key>
			<string>1</string>
			<key>isa</key>
			<string>PBXFileReference</string>
			<key>lastKnownFileType</key>
			<string>sourcecode.c.objc</string>
			<key>path</key>
			<string>Pods-SimpleJSONExample-dummy.m</string>
			<key>sourceTree</key>
			<string>&lt;group&gt;</string>
		</dict>
		<key>522F484269A727F7991D6AE20ECA5684</key>
		<dict>
			<key>baseConfigurationReference</key>
			<string>BAC9DB6259580EBF74A4A0DA206EEB9D</string>
			<key>buildSettings</key>
			<dict>
				<key>CODE_SIGN_IDENTITY[sdk=iphoneos*]</key>
				<string>iPhone Developer</string>
				<key>CURRENT_PROJECT_VERSION</key>
				<string>1</string>
				<key>DEFINES_MODULE</key>
				<string>YES</string>
				<key>DYLIB_COMPATIBILITY_VERSION</key>
				<string>1</string>
				<key>DYLIB_CURRENT_VERSION</key>
				<string>1</string>
				<key>DYLIB_INSTALL_NAME_BASE</key>
				<string>@rpath</string>
				<key>ENABLE_STRICT_OBJC_MSGSEND</key>
				<string>YES</string>
				<key>GCC_PREFIX_HEADER</key>
				<string>Target Support Files/SimpleJSONParser/SimpleJSONParser-prefix.pch</string>
				<key>INFOPLIST_FILE</key>
				<string>Target Support Files/SimpleJSONParser/Info.plist</string>
				<key>INSTALL_PATH</key>
				<string>$(LOCAL_LIBRARY_DIR)/Frameworks</string>
				<key>IPHONEOS_DEPLOYMENT_TARGET</key>
				<string>8.0</string>
				<key>LD_RUNPATH_SEARCH_PATHS</key>
				<array>
					<string>$(inherited)</string>
					<string>@executable_path/Frameworks</string>
					<string>@loader_path/Frameworks</string>
				</array>
				<key>MODULEMAP_FILE</key>
				<string>Target Support Files/SimpleJSONParser/SimpleJSONParser.modulemap</string>
				<key>MTL_ENABLE_DEBUG_INFO</key>
				<string>NO</string>
				<key>PRODUCT_NAME</key>
				<string>SimpleJSONParser</string>
				<key>SDKROOT</key>
				<string>iphoneos</string>
				<key>SKIP_INSTALL</key>
				<string>YES</string>
				<key>TARGETED_DEVICE_FAMILY</key>
				<string>1,2</string>
				<key>VERSIONING_SYSTEM</key>
				<string>apple-generic</string>
				<key>VERSION_INFO_PREFIX</key>
				<string></string>
			</dict>
			<key>isa</key>
			<string>XCBuildConfiguration</string>
			<key>name</key>
			<string>Release</string>
		</dict>
		<key>59340A9542606392D166BCA046A92180</key>
		<dict>
			<key>includeInIndex</key>
			<string>1</string>
			<key>isa</key>
			<string>PBXFileReference</string>
			<key>lastKnownFileType</key>
			<string>text.script.sh</string>
			<key>path</key>
			<string>Pods-SimpleJSONExample-frameworks.sh</string>
			<key>sourceTree</key>
			<string>&lt;group&gt;</string>
		</dict>
		<key>5BE10B21BFF77A2ED6F19D5A4B25FA09</key>
		<dict>
			<key>children</key>
			<array>
				<string>3C3CFD48B9B7923ACD52658CD69E07E0</string>
				<string>DDD44CEFB179FB326E283126755E6D28</string>
				<string>BAC9DB6259580EBF74A4A0DA206EEB9D</string>
				<string>487DFC7480A992D295E5515B3765F8C8</string>
				<string>A6364A322D7931BCD86A3FA40F298930</string>
				<string>1A8ADA7F695FC8696A68AF6957205806</string>
			</array>
			<key>isa</key>
			<string>PBXGroup</string>
			<key>name</key>
			<string>Support Files</string>
			<key>path</key>
			<string>SimpleJSONExample/Pods/Target Support Files/SimpleJSONParser</string>
			<key>sourceTree</key>
			<string>&lt;group&gt;</string>
		</dict>
		<key>694D4D58760BB86071A7F4D0E73320F3</key>
		<dict>
			<key>buildActionMask</key>
			<string>2147483647</string>
			<key>files</key>
			<array>
				<string>199BBCE11FC76FA28CD45D4AC9B4EAD3</string>
			</array>
			<key>isa</key>
			<string>PBXSourcesBuildPhase</string>
			<key>runOnlyForDeploymentPostprocessing</key>
			<string>0</string>
		</dict>
		<key>6B5FD30FB0A954701BC66C052FC1FD42</key>
		<dict>
			<key>buildConfigurationList</key>
			<string>BAA52047659803E9CD73C089B4781735</string>
			<key>buildPhases</key>
			<array>
				<string>694D4D58760BB86071A7F4D0E73320F3</string>
				<string>779897AF09B1D8BF660B0D487D25ECD3</string>
				<string>461FB951656888712885688D22208BD7</string>
			</array>
			<key>buildRules</key>
			<array/>
			<key>dependencies</key>
			<array>
				<string>E45F6D7AFF6DED2819D2E42C9000ADBC</string>
			</array>
			<key>isa</key>
			<string>PBXNativeTarget</string>
			<key>name</key>
			<string>Pods-SimpleJSONExample</string>
			<key>productName</key>
			<string>Pods-SimpleJSONExample</string>
			<key>productReference</key>
			<string>0741584C880B26E113770C1394957C06</string>
			<key>productType</key>
			<string>com.apple.product-type.framework</string>
		</dict>
		<key>779897AF09B1D8BF660B0D487D25ECD3</key>
		<dict>
			<key>buildActionMask</key>
			<string>2147483647</string>
			<key>files</key>
			<array>
				<string>8C1D82A2E55AA0912B6CBE6358CC3B7D</string>
			</array>
			<key>isa</key>
			<string>PBXFrameworksBuildPhase</string>
			<key>runOnlyForDeploymentPostprocessing</key>
			<string>0</string>
		</dict>
		<key>7B1162155DF28EC673DCA1D94F9CB07A</key>
		<dict>
			<key>includeInIndex</key>
			<string>1</string>
			<key>isa</key>
			<string>PBXFileReference</string>
			<key>lastKnownFileType</key>
			<string>text.xcconfig</string>
			<key>path</key>
			<string>Pods-SimpleJSONExample.release.xcconfig</string>
			<key>sourceTree</key>
			<string>&lt;group&gt;</string>
		</dict>
		<key>7DB346D0F39D3F0E887471402A8071AB</key>
		<dict>
			<key>children</key>
			<array>
				<string>BA6428E9F66FD5A23C0A2E06ED26CD2F</string>
				<string>100ABEEE5CAD1CC04425A37ABAC130DB</string>
				<string>BC3CA7F9E30CC8F7E2DD044DD34432FC</string>
				<string>21A9A139A64CAE5BE8E00A3A1FA18546</string>
				<string>4A2F538771962B0842E9CC89A11A0973</string>
			</array>
			<key>isa</key>
			<string>PBXGroup</string>
			<key>sourceTree</key>
			<string>&lt;group&gt;</string>
		</dict>
		<key>8C1D82A2E55AA0912B6CBE6358CC3B7D</key>
		<dict>
			<key>fileRef</key>
			<string>3E4E89230EF59BC255123B67864ACF77</string>
			<key>isa</key>
			<string>PBXBuildFile</string>
		</dict>
		<key>8EB2E9619A751A545B0944E14F12ADA2</key>
		<dict>
			<key>includeInIndex</key>
			<string>1</string>
			<key>isa</key>
			<string>PBXFileReference</string>
			<key>lastKnownFileType</key>
			<string>sourcecode.c.h</string>
			<key>path</key>
			<string>SimpleJSONParser-umbrella.h</string>
			<key>sourceTree</key>
			<string>&lt;group&gt;</string>
		</dict>
		<key>8ED3B0D761C02AA3727FEA905D03DCD5</key>
		<dict>
			<key>baseConfigurationReference</key>
			<string>7B1162155DF28EC673DCA1D94F9CB07A</string>
			<key>buildSettings</key>
			<dict>
				<key>CODE_SIGN_IDENTITY[sdk=iphoneos*]</key>
				<string>iPhone Developer</string>
				<key>CURRENT_PROJECT_VERSION</key>
				<string>1</string>
				<key>DEFINES_MODULE</key>
				<string>YES</string>
				<key>DYLIB_COMPATIBILITY_VERSION</key>
				<string>1</string>
				<key>DYLIB_CURRENT_VERSION</key>
				<string>1</string>
				<key>DYLIB_INSTALL_NAME_BASE</key>
				<string>@rpath</string>
				<key>ENABLE_STRICT_OBJC_MSGSEND</key>
				<string>YES</string>
				<key>INFOPLIST_FILE</key>
				<string>Target Support Files/Pods-SimpleJSONExample/Info.plist</string>
				<key>INSTALL_PATH</key>
				<string>$(LOCAL_LIBRARY_DIR)/Frameworks</string>
				<key>IPHONEOS_DEPLOYMENT_TARGET</key>
				<string>8.0</string>
				<key>LD_RUNPATH_SEARCH_PATHS</key>
				<array>
					<string>$(inherited)</string>
					<string>@executable_path/Frameworks</string>
					<string>@loader_path/Frameworks</string>
				</array>
				<key>MACH_O_TYPE</key>
				<string>staticlib</string>
				<key>MODULEMAP_FILE</key>
				<string>Target Support Files/Pods-SimpleJSONExample/Pods-SimpleJSONExample.modulemap</string>
				<key>MTL_ENABLE_DEBUG_INFO</key>
				<string>NO</string>
				<key>OTHER_LDFLAGS</key>
				<string></string>
				<key>OTHER_LIBTOOLFLAGS</key>
				<string></string>
				<key>PODS_ROOT</key>
				<string>$(SRCROOT)</string>
				<key>PRODUCT_NAME</key>
				<string>Pods_SimpleJSONExample</string>
				<key>SDKROOT</key>
				<string>iphoneos</string>
				<key>SKIP_INSTALL</key>
				<string>YES</string>
				<key>TARGETED_DEVICE_FAMILY</key>
				<string>1,2</string>
				<key>VERSIONING_SYSTEM</key>
				<string>apple-generic</string>
				<key>VERSION_INFO_PREFIX</key>
				<string></string>
			</dict>
			<key>isa</key>
			<string>XCBuildConfiguration</string>
			<key>name</key>
			<string>Release</string>
		</dict>
		<key>91B17F27E468D1C46912DB31AABA1261</key>
		<dict>
			<key>fileRef</key>
			<string>1A8ADA7F695FC8696A68AF6957205806</string>
			<key>isa</key>
			<string>PBXBuildFile</string>
			<key>settings</key>
			<dict>
				<key>ATTRIBUTES</key>
				<array>
					<string>Public</string>
				</array>
			</dict>
		</dict>
		<key>9A888310749D765FE5A9962D3B91D859</key>
		<dict>
			<key>fileRef</key>
			<string>FCE49EFC0E35DF8B0C331258F8AEE4C5</string>
			<key>isa</key>
			<string>PBXBuildFile</string>
		</dict>
		<key>9B25450342EDEA1D3C16640E4FD968B7</key>
		<dict>
			<key>includeInIndex</key>
			<string>1</string>
			<key>isa</key>
			<string>PBXFileReference</string>
			<key>lastKnownFileType</key>
			<string>text</string>
			<key>path</key>
			<string>Pods-SimpleJSONExample-acknowledgements.markdown</string>
			<key>sourceTree</key>
			<string>&lt;group&gt;</string>
		</dict>
		<key>9BE6C0C7F16F28C8439BA583E029E517</key>
		<dict>
			<key>buildActionMask</key>
			<string>2147483647</string>
			<key>files</key>
			<array>
				<string>330354C4C37F1007B6AB406AF405902A</string>
				<string>91B17F27E468D1C46912DB31AABA1261</string>
				<string>91B17F27E468D1C46912DB31AABA1261</string>
				<string>3C7D28CB178F7D8FBB16853A86FC6A7E</string>
			</array>
			<key>isa</key>
			<string>PBXHeadersBuildPhase</string>
			<key>runOnlyForDeploymentPostprocessing</key>
			<string>0</string>
		</dict>
		<key>9CCB4BE196A4D283DB1FD289EEB518A2</key>
		<dict>
			<key>includeInIndex</key>
			<string>1</string>
			<key>isa</key>
			<string>PBXFileReference</string>
			<key>lastKnownFileType</key>
			<string>text.script.sh</string>
			<key>path</key>
			<string>Pods-SimpleJSONExample-resources.sh</string>
			<key>sourceTree</key>
			<string>&lt;group&gt;</string>
		</dict>
		<key>A1A9A15112079328183E9C5F3639D44F</key>
		<dict>
			<key>includeInIndex</key>
			<string>1</string>
			<key>isa</key>
			<string>PBXFileReference</string>
			<key>lastKnownFileType</key>
			<string>text.plist.xml</string>
			<key>path</key>
			<string>Info.plist</string>
			<key>sourceTree</key>
			<string>&lt;group&gt;</string>
		</dict>
		<key>A414DA79274C8E783C72340F426AFBD1</key>
		<dict>
			<key>includeInIndex</key>
			<string>1</string>
			<key>isa</key>
			<string>PBXFileReference</string>
			<key>lastKnownFileType</key>
			<string>text.xcconfig</string>
			<key>path</key>
			<string>Pods-SimpleJSONExample.debug.xcconfig</string>
			<key>sourceTree</key>
			<string>&lt;group&gt;</string>
		</dict>
		<key>A6364A322D7931BCD86A3FA40F298930</key>
		<dict>
			<key>includeInIndex</key>
			<string>1</string>
			<key>isa</key>
			<string>PBXFileReference</string>
			<key>lastKnownFileType</key>
			<string>sourcecode.c.h</string>
			<key>path</key>
			<string>SimpleJSONParser-prefix.pch</string>
			<key>sourceTree</key>
			<string>&lt;group&gt;</string>
		</dict>
		<key>A6E012CBDBF653F88F1FFCDC6A75D33E</key>
		<dict>
			<key>containerPortal</key>
			<string>D41D8CD98F00B204E9800998ECF8427E</string>
			<key>isa</key>
			<string>PBXContainerItemProxy</string>
			<key>proxyType</key>
			<string>1</string>
			<key>remoteGlobalIDString</key>
			<string>F83F54A475A942BA94F39FA7F82623D6</string>
			<key>remoteInfo</key>
			<string>SimpleJSONParser</string>
		</dict>
		<key>A70CDAD61F90AC503C7D04CC22DA2923</key>
		<dict>
			<key>buildSettings</key>
			<dict>
				<key>ALWAYS_SEARCH_USER_PATHS</key>
				<string>NO</string>
				<key>CLANG_CXX_LANGUAGE_STANDARD</key>
				<string>gnu++0x</string>
				<key>CLANG_CXX_LIBRARY</key>
				<string>libc++</string>
				<key>CLANG_ENABLE_MODULES</key>
				<string>YES</string>
				<key>CLANG_ENABLE_OBJC_ARC</key>
				<string>YES</string>
				<key>CLANG_WARN_BOOL_CONVERSION</key>
				<string>YES</string>
				<key>CLANG_WARN_CONSTANT_CONVERSION</key>
				<string>YES</string>
				<key>CLANG_WARN_DIRECT_OBJC_ISA_USAGE</key>
				<string>YES</string>
				<key>CLANG_WARN_EMPTY_BODY</key>
				<string>YES</string>
				<key>CLANG_WARN_ENUM_CONVERSION</key>
				<string>YES</string>
				<key>CLANG_WARN_INT_CONVERSION</key>
				<string>YES</string>
				<key>CLANG_WARN_OBJC_ROOT_CLASS</key>
				<string>YES</string>
				<key>CLANG_WARN_UNREACHABLE_CODE</key>
				<string>YES</string>
				<key>CLANG_WARN__DUPLICATE_METHOD_MATCH</key>
				<string>YES</string>
				<key>COPY_PHASE_STRIP</key>
				<string>NO</string>
				<key>GCC_C_LANGUAGE_STANDARD</key>
				<string>gnu99</string>
				<key>GCC_DYNAMIC_NO_PIC</key>
				<string>NO</string>
				<key>GCC_OPTIMIZATION_LEVEL</key>
				<string>0</string>
				<key>GCC_PREPROCESSOR_DEFINITIONS</key>
				<array>
					<string>DEBUG=1</string>
					<string>$(inherited)</string>
				</array>
				<key>GCC_SYMBOLS_PRIVATE_EXTERN</key>
				<string>NO</string>
				<key>GCC_WARN_64_TO_32_BIT_CONVERSION</key>
				<string>YES</string>
				<key>GCC_WARN_ABOUT_RETURN_TYPE</key>
				<string>YES</string>
				<key>GCC_WARN_UNDECLARED_SELECTOR</key>
				<string>YES</string>
				<key>GCC_WARN_UNINITIALIZED_AUTOS</key>
				<string>YES</string>
				<key>GCC_WARN_UNUSED_FUNCTION</key>
				<string>YES</string>
				<key>GCC_WARN_UNUSED_VARIABLE</key>
				<string>YES</string>
				<key>IPHONEOS_DEPLOYMENT_TARGET</key>
				<string>8.0</string>
				<key>ONLY_ACTIVE_ARCH</key>
				<string>YES</string>
				<key>STRIP_INSTALLED_PRODUCT</key>
				<string>NO</string>
				<key>SYMROOT</key>
				<string>${SRCROOT}/../build</string>
			</dict>
			<key>isa</key>
			<string>XCBuildConfiguration</string>
			<key>name</key>
			<string>Debug</string>
		</dict>
		<key>B094FFC8F2192283C66FE336AD47ACF5</key>
		<dict>
			<key>includeInIndex</key>
			<string>1</string>
			<key>isa</key>
			<string>PBXFileReference</string>
			<key>path</key>
			<string>Pods-SimpleJSONExample.modulemap</string>
			<key>sourceTree</key>
			<string>&lt;group&gt;</string>
		</dict>
		<key>B981EFFC657207AE74C9B7C7E40C8CA8</key>
		<dict>
			<key>buildConfigurations</key>
			<array>
				<string>3D0039C5696F80ED069CA2606C874505</string>
				<string>522F484269A727F7991D6AE20ECA5684</string>
			</array>
			<key>defaultConfigurationIsVisible</key>
			<string>0</string>
			<key>defaultConfigurationName</key>
			<string>Release</string>
			<key>isa</key>
			<string>XCConfigurationList</string>
		</dict>
		<key>BA6428E9F66FD5A23C0A2E06ED26CD2F</key>
		<dict>
			<key>includeInIndex</key>
			<string>1</string>
			<key>isa</key>
			<string>PBXFileReference</string>
			<key>lastKnownFileType</key>
			<string>text</string>
			<key>name</key>
			<string>Podfile</string>
			<key>path</key>
			<string>../Podfile</string>
			<key>sourceTree</key>
			<string>SOURCE_ROOT</string>
			<key>xcLanguageSpecificationIdentifier</key>
			<string>xcode.lang.ruby</string>
		</dict>
		<key>BAA52047659803E9CD73C089B4781735</key>
		<dict>
			<key>buildConfigurations</key>
			<array>
				<string>E8F110ACADBAFC707B5536DDECC5B9D5</string>
				<string>8ED3B0D761C02AA3727FEA905D03DCD5</string>
			</array>
			<key>defaultConfigurationIsVisible</key>
			<string>0</string>
			<key>defaultConfigurationName</key>
			<string>Release</string>
			<key>isa</key>
			<string>XCConfigurationList</string>
		</dict>
		<key>BAC9DB6259580EBF74A4A0DA206EEB9D</key>
		<dict>
			<key>includeInIndex</key>
			<string>1</string>
			<key>isa</key>
			<string>PBXFileReference</string>
			<key>lastKnownFileType</key>
			<string>text.xcconfig</string>
			<key>path</key>
			<string>SimpleJSONParser.xcconfig</string>
			<key>sourceTree</key>
			<string>&lt;group&gt;</string>
		</dict>
		<key>BC3CA7F9E30CC8F7E2DD044DD34432FC</key>
		<dict>
			<key>children</key>
			<array>
				<string>BF6342C8B29F4CEEA088EFF7AB4DE362</string>
			</array>
			<key>isa</key>
			<string>PBXGroup</string>
			<key>name</key>
			<string>Frameworks</string>
			<key>sourceTree</key>
			<string>&lt;group&gt;</string>
		</dict>
		<key>BF6342C8B29F4CEEA088EFF7AB4DE362</key>
		<dict>
			<key>children</key>
			<array>
				<string>3E4E89230EF59BC255123B67864ACF77</string>
			</array>
			<key>isa</key>
			<string>PBXGroup</string>
			<key>name</key>
			<string>iOS</string>
			<key>sourceTree</key>
			<string>&lt;group&gt;</string>
		</dict>
		<key>C0BECADF67D0407CD18FE0990AEF8C37</key>
		<dict>
			<key>explicitFileType</key>
			<string>wrapper.framework</string>
			<key>includeInIndex</key>
			<string>0</string>
			<key>isa</key>
			<string>PBXFileReference</string>
			<key>name</key>
			<string>SimpleJSONParser.framework</string>
			<key>path</key>
			<string>SimpleJSONParser.framework</string>
			<key>sourceTree</key>
			<string>BUILT_PRODUCTS_DIR</string>
		</dict>
		<key>C546FBECFA23CEE1920688514C92A5F0</key>
		<dict>
			<key>includeInIndex</key>
			<string>1</string>
			<key>isa</key>
			<string>PBXFileReference</string>
			<key>lastKnownFileType</key>
			<string>sourcecode.c.h</string>
			<key>path</key>
			<string>PropertyUtil.h</string>
			<key>sourceTree</key>
			<string>&lt;group&gt;</string>
		</dict>
		<key>D41D8CD98F00B204E9800998ECF8427E</key>
		<dict>
			<key>attributes</key>
			<dict>
				<key>LastSwiftUpdateCheck</key>
				<string>0700</string>
				<key>LastUpgradeCheck</key>
				<string>0700</string>
			</dict>
			<key>buildConfigurationList</key>
			<string>2D8E8EC45A3A1A1D94AE762CB5028504</string>
			<key>compatibilityVersion</key>
			<string>Xcode 3.2</string>
			<key>developmentRegion</key>
			<string>English</string>
			<key>hasScannedForEncodings</key>
			<string>0</string>
			<key>isa</key>
			<string>PBXProject</string>
			<key>knownRegions</key>
			<array>
				<string>en</string>
			</array>
			<key>mainGroup</key>
			<string>7DB346D0F39D3F0E887471402A8071AB</string>
			<key>productRefGroup</key>
			<string>21A9A139A64CAE5BE8E00A3A1FA18546</string>
			<key>projectDirPath</key>
			<string></string>
			<key>projectReferences</key>
			<array/>
			<key>projectRoot</key>
			<string></string>
			<key>targets</key>
			<array>
				<string>6B5FD30FB0A954701BC66C052FC1FD42</string>
				<string>F83F54A475A942BA94F39FA7F82623D6</string>
			</array>
		</dict>
		<key>D9875B3AFBD6AC92283BC09F3F338D8E</key>
		<dict>
			<key>buildActionMask</key>
			<string>2147483647</string>
			<key>files</key>
			<array>
				<string>2378C438A166661B4E8187F5759A64C2</string>
			</array>
			<key>isa</key>
			<string>PBXFrameworksBuildPhase</string>
			<key>runOnlyForDeploymentPostprocessing</key>
			<string>0</string>
		</dict>
		<key>DCB030AD642F2D4C5B465419E7D5DE26</key>
		<dict>
			<key>includeInIndex</key>
			<string>1</string>
			<key>isa</key>
			<string>PBXFileReference</string>
			<key>lastKnownFileType</key>
			<string>sourcecode.c.h</string>
			<key>path</key>
			<string>SimpleJSONParser.h</string>
			<key>sourceTree</key>
			<string>&lt;group&gt;</string>
		</dict>
		<key>DDD44CEFB179FB326E283126755E6D28</key>
		<dict>
			<key>includeInIndex</key>
			<string>1</string>
			<key>isa</key>
			<string>PBXFileReference</string>
			<key>path</key>
			<string>SimpleJSONParser.modulemap</string>
			<key>sourceTree</key>
			<string>&lt;group&gt;</string>
		</dict>
		<key>DEBE59D67EB8C1D0F4314969F54974D7</key>
		<dict>
			<key>children</key>
			<array>
				<string>1AD2410C45E5DA7C85301DACAC9AC784</string>
				<string>C546FBECFA23CEE1920688514C92A5F0</string>
				<string>FCE49EFC0E35DF8B0C331258F8AEE4C5</string>
				<string>DCB030AD642F2D4C5B465419E7D5DE26</string>
				<string>8EB2E9619A751A545B0944E14F12ADA2</string>
			</array>
			<key>isa</key>
			<string>PBXGroup</string>
			<key>name</key>
			<string>Classes</string>
			<key>path</key>
			<string>Classes</string>
			<key>sourceTree</key>
			<string>&lt;group&gt;</string>
		</dict>
		<key>E45F6D7AFF6DED2819D2E42C9000ADBC</key>
		<dict>
			<key>isa</key>
			<string>PBXTargetDependency</string>
			<key>name</key>
			<string>SimpleJSONParser</string>
			<key>target</key>
			<string>F83F54A475A942BA94F39FA7F82623D6</string>
			<key>targetProxy</key>
			<string>A6E012CBDBF653F88F1FFCDC6A75D33E</string>
		</dict>
		<key>E8F110ACADBAFC707B5536DDECC5B9D5</key>
		<dict>
			<key>baseConfigurationReference</key>
			<string>A414DA79274C8E783C72340F426AFBD1</string>
			<key>buildSettings</key>
			<dict>
				<key>CODE_SIGN_IDENTITY[sdk=iphoneos*]</key>
				<string>iPhone Developer</string>
				<key>CURRENT_PROJECT_VERSION</key>
				<string>1</string>
				<key>DEFINES_MODULE</key>
				<string>YES</string>
				<key>DYLIB_COMPATIBILITY_VERSION</key>
				<string>1</string>
				<key>DYLIB_CURRENT_VERSION</key>
				<string>1</string>
				<key>DYLIB_INSTALL_NAME_BASE</key>
				<string>@rpath</string>
				<key>ENABLE_STRICT_OBJC_MSGSEND</key>
				<string>YES</string>
				<key>INFOPLIST_FILE</key>
				<string>Target Support Files/Pods-SimpleJSONExample/Info.plist</string>
				<key>INSTALL_PATH</key>
				<string>$(LOCAL_LIBRARY_DIR)/Frameworks</string>
				<key>IPHONEOS_DEPLOYMENT_TARGET</key>
				<string>8.0</string>
				<key>LD_RUNPATH_SEARCH_PATHS</key>
				<array>
					<string>$(inherited)</string>
					<string>@executable_path/Frameworks</string>
					<string>@loader_path/Frameworks</string>
				</array>
				<key>MACH_O_TYPE</key>
				<string>staticlib</string>
				<key>MODULEMAP_FILE</key>
				<string>Target Support Files/Pods-SimpleJSONExample/Pods-SimpleJSONExample.modulemap</string>
				<key>MTL_ENABLE_DEBUG_INFO</key>
				<string>YES</string>
				<key>OTHER_LDFLAGS</key>
				<string></string>
				<key>OTHER_LIBTOOLFLAGS</key>
				<string></string>
				<key>PODS_ROOT</key>
				<string>$(SRCROOT)</string>
				<key>PRODUCT_NAME</key>
				<string>Pods_SimpleJSONExample</string>
				<key>SDKROOT</key>
				<string>iphoneos</string>
				<key>SKIP_INSTALL</key>
				<string>YES</string>
				<key>SWIFT_OPTIMIZATION_LEVEL</key>
				<string>-Onone</string>
				<key>TARGETED_DEVICE_FAMILY</key>
				<string>1,2</string>
				<key>VERSIONING_SYSTEM</key>
				<string>apple-generic</string>
				<key>VERSION_INFO_PREFIX</key>
				<string></string>
			</dict>
			<key>isa</key>
			<string>XCBuildConfiguration</string>
			<key>name</key>
			<string>Debug</string>
		</dict>
		<key>F508429D975F5236E2F1189C3673EE6B</key>
		<dict>
			<key>includeInIndex</key>
			<string>1</string>
			<key>isa</key>
			<string>PBXFileReference</string>
			<key>lastKnownFileType</key>
			<string>text.plist.xml</string>
			<key>path</key>
			<string>Pods-SimpleJSONExample-acknowledgements.plist</string>
			<key>sourceTree</key>
			<string>&lt;group&gt;</string>
		</dict>
		<key>F83F54A475A942BA94F39FA7F82623D6</key>
		<dict>
			<key>buildConfigurationList</key>
			<string>B981EFFC657207AE74C9B7C7E40C8CA8</string>
			<key>buildPhases</key>
			<array>
				<string>198B607FB1161FAA61A660E791807AEF</string>
				<string>D9875B3AFBD6AC92283BC09F3F338D8E</string>
				<string>9BE6C0C7F16F28C8439BA583E029E517</string>
			</array>
			<key>buildRules</key>
			<array/>
			<key>dependencies</key>
			<array/>
			<key>isa</key>
			<string>PBXNativeTarget</string>
			<key>name</key>
			<string>SimpleJSONParser</string>
			<key>productName</key>
			<string>SimpleJSONParser</string>
			<key>productReference</key>
			<string>C0BECADF67D0407CD18FE0990AEF8C37</string>
			<key>productType</key>
			<string>com.apple.product-type.framework</string>
		</dict>
		<key>F8F1B6325C905BDD2FC4091A6FEFE5F2</key>
		<dict>
			<key>fileRef</key>
			<string>1AD2410C45E5DA7C85301DACAC9AC784</string>
			<key>isa</key>
			<string>PBXBuildFile</string>
		</dict>
		<key>FB20BDF0E2C46E4BFCFB74C660683E63</key>
		<dict>
			<key>children</key>
			<array>
				<string>A1A9A15112079328183E9C5F3639D44F</string>
				<string>B094FFC8F2192283C66FE336AD47ACF5</string>
				<string>9B25450342EDEA1D3C16640E4FD968B7</string>
				<string>F508429D975F5236E2F1189C3673EE6B</string>
				<string>4EBCE5B6CF6A41B9D69E18202959D419</string>
				<string>59340A9542606392D166BCA046A92180</string>
				<string>9CCB4BE196A4D283DB1FD289EEB518A2</string>
				<string>3673DB3FCA7246BE5C4BC7A490270F82</string>
				<string>A414DA79274C8E783C72340F426AFBD1</string>
				<string>7B1162155DF28EC673DCA1D94F9CB07A</string>
			</array>
			<key>isa</key>
			<string>PBXGroup</string>
			<key>name</key>
			<string>Pods-SimpleJSONExample</string>
			<key>path</key>
			<string>Target Support Files/Pods-SimpleJSONExample</string>
			<key>sourceTree</key>
			<string>&lt;group&gt;</string>
		</dict>
		<key>FB45FFD90572718D82AB9092B750F0CA</key>
		<dict>
			<key>buildSettings</key>
			<dict>
				<key>ALWAYS_SEARCH_USER_PATHS</key>
				<string>NO</string>
				<key>CLANG_CXX_LANGUAGE_STANDARD</key>
				<string>gnu++0x</string>
				<key>CLANG_CXX_LIBRARY</key>
				<string>libc++</string>
				<key>CLANG_ENABLE_MODULES</key>
				<string>YES</string>
				<key>CLANG_ENABLE_OBJC_ARC</key>
				<string>YES</string>
				<key>CLANG_WARN_BOOL_CONVERSION</key>
				<string>YES</string>
				<key>CLANG_WARN_CONSTANT_CONVERSION</key>
				<string>YES</string>
				<key>CLANG_WARN_DIRECT_OBJC_ISA_USAGE</key>
				<string>YES</string>
				<key>CLANG_WARN_EMPTY_BODY</key>
				<string>YES</string>
				<key>CLANG_WARN_ENUM_CONVERSION</key>
				<string>YES</string>
				<key>CLANG_WARN_INT_CONVERSION</key>
				<string>YES</string>
				<key>CLANG_WARN_OBJC_ROOT_CLASS</key>
				<string>YES</string>
				<key>CLANG_WARN_UNREACHABLE_CODE</key>
				<string>YES</string>
				<key>CLANG_WARN__DUPLICATE_METHOD_MATCH</key>
				<string>YES</string>
				<key>COPY_PHASE_STRIP</key>
				<string>YES</string>
				<key>ENABLE_NS_ASSERTIONS</key>
				<string>NO</string>
				<key>GCC_C_LANGUAGE_STANDARD</key>
				<string>gnu99</string>
				<key>GCC_PREPROCESSOR_DEFINITIONS</key>
				<array>
					<string>RELEASE=1</string>
				</array>
				<key>GCC_WARN_64_TO_32_BIT_CONVERSION</key>
				<string>YES</string>
				<key>GCC_WARN_ABOUT_RETURN_TYPE</key>
				<string>YES</string>
				<key>GCC_WARN_UNDECLARED_SELECTOR</key>
				<string>YES</string>
				<key>GCC_WARN_UNINITIALIZED_AUTOS</key>
				<string>YES</string>
				<key>GCC_WARN_UNUSED_FUNCTION</key>
				<string>YES</string>
				<key>GCC_WARN_UNUSED_VARIABLE</key>
				<string>YES</string>
				<key>IPHONEOS_DEPLOYMENT_TARGET</key>
				<string>8.0</string>
				<key>STRIP_INSTALLED_PRODUCT</key>
				<string>NO</string>
				<key>SYMROOT</key>
				<string>${SRCROOT}/../build</string>
				<key>VALIDATE_PRODUCT</key>
				<string>YES</string>
			</dict>
			<key>isa</key>
			<string>XCBuildConfiguration</string>
			<key>name</key>
			<string>Release</string>
		</dict>
		<key>FB4D8033A3EAFF66BCDA5E7AEFC51A0B</key>
		<dict>
			<key>fileRef</key>
			<string>487DFC7480A992D295E5515B3765F8C8</string>
			<key>isa</key>
			<string>PBXBuildFile</string>
		</dict>
		<key>FCE49EFC0E35DF8B0C331258F8AEE4C5</key>
		<dict>
			<key>includeInIndex</key>
			<string>1</string>
			<key>isa</key>
			<string>PBXFileReference</string>
			<key>lastKnownFileType</key>
			<string>sourcecode.c.objc</string>
			<key>path</key>
			<string>PropertyUtil.m</string>
			<key>sourceTree</key>
			<string>&lt;group&gt;</string>
		</dict>
	</dict>
	<key>rootObject</key>
	<string>D41D8CD98F00B204E9800998ECF8427E</string>
</dict>
</plist>
